
Microsoft Visual Studio Solution File, Format Version 12.00
# Visual Studio Version 17
VisualStudioVersion = 17.7.34031.279
MinimumVisualStudioVersion = 10.0.40219.1
Project("{9A19103F-16F7-4668-BE54-9A1E7A4F7556}") = "Projeto.Teste.Cartao", "Projeto.Teste.Cartao\Projeto.Teste.Cartao.csproj", "{6008AA88-DE47-4B99-B8FB-FF010854A30C}"
EndProject
Project("{9A19103F-16F7-4668-BE54-9A1E7A4F7556}") = "Projeto.Teste.Cartao.Aplicacao", "Projeto.Teste.Cartao.Aplicacao\Projeto.Teste.Cartao.Aplicacao.csproj", "{E0F6678E-B145-439F-85B3-C047B4622F8A}"
EndProject
Project("{9A19103F-16F7-4668-BE54-9A1E7A4F7556}") = "Projeto.Teste.Cartao.Dominio", "Projeto.Teste.Cartao.Dominio\Projeto.Teste.Cartao.Dominio.csproj", "{DA56C3D3-89DB-43BF-84D5-E99F12467FB9}"
EndProject
Project("{9A19103F-16F7-4668-BE54-9A1E7A4F7556}") = "Projeto.Teste.Cartao.Infraestrutura", "Projeto.Teste.Cartao.Infraestrutura\Projeto.Teste.Cartao.Infraestrutura.csproj", "{9CF6365F-BD41-4966-B379-C0F8CF9253CC}"
EndProject
Project("{FAE04EC0-301F-11D3-BF4B-00C04F79EFBC}") = "Projeto.Teste.Cartao.Testes", "Projeto.Teste.Cartao.Testes\Projeto.Teste.Cartao.Testes.csproj", "{58ECF5E0-C4A3-4FBC-8EDA-22D6300C8DA2}"
EndProject
Global
	GlobalSection(SolutionConfigurationPlatforms) = preSolution
		Debug|Any CPU = Debug|Any CPU
		Release|Any CPU = Release|Any CPU
	EndGlobalSection
	GlobalSection(ProjectConfigurationPlatforms) = postSolution
		{6008AA88-DE47-4B99-B8FB-FF010854A30C}.Debug|Any CPU.ActiveCfg = Debug|Any CPU
		{6008AA88-DE47-4B99-B8FB-FF010854A30C}.Debug|Any CPU.Build.0 = Debug|Any CPU
		{6008AA88-DE47-4B99-B8FB-FF010854A30C}.Release|Any CPU.ActiveCfg = Release|Any CPU
		{6008AA88-DE47-4B99-B8FB-FF010854A30C}.Release|Any CPU.Build.0 = Release|Any CPU
		{E0F6678E-B145-439F-85B3-C047B4622F8A}.Debug|Any CPU.ActiveCfg = Debug|Any CPU
		{E0F6678E-B145-439F-85B3-C047B4622F8A}.Debug|Any CPU.Build.0 = Debug|Any CPU
		{E0F6678E-B145-439F-85B3-C047B4622F8A}.Release|Any CPU.ActiveCfg = Release|Any CPU
		{E0F6678E-B145-439F-85B3-C047B4622F8A}.Release|Any CPU.Build.0 = Release|Any CPU
		{DA56C3D3-89DB-43BF-84D5-E99F12467FB9}.Debug|Any CPU.ActiveCfg = Debug|Any CPU
		{DA56C3D3-89DB-43BF-84D5-E99F12467FB9}.Debug|Any CPU.Build.0 = Debug|Any CPU
		{DA56C3D3-89DB-43BF-84D5-E99F12467FB9}.Release|Any CPU.ActiveCfg = Release|Any CPU
		{DA56C3D3-89DB-43BF-84D5-E99F12467FB9}.Release|Any CPU.Build.0 = Release|Any CPU
		{9CF6365F-BD41-4966-B379-C0F8CF9253CC}.Debug|Any CPU.ActiveCfg = Debug|Any CPU
		{9CF6365F-BD41-4966-B379-C0F8CF9253CC}.Debug|Any CPU.Build.0 = Debug|Any CPU
		{9CF6365F-BD41-4966-B379-C0F8CF9253CC}.Release|Any CPU.ActiveCfg = Release|Any CPU
		{9CF6365F-BD41-4966-B379-C0F8CF9253CC}.Release|Any CPU.Build.0 = Release|Any CPU
		{58ECF5E0-C4A3-4FBC-8EDA-22D6300C8DA2}.Debug|Any CPU.ActiveCfg = Debug|Any CPU
		{58ECF5E0-C4A3-4FBC-8EDA-22D6300C8DA2}.Debug|Any CPU.Build.0 = Debug|Any CPU
		{58ECF5E0-C4A3-4FBC-8EDA-22D6300C8DA2}.Release|Any CPU.ActiveCfg = Release|Any CPU
		{58ECF5E0-C4A3-4FBC-8EDA-22D6300C8DA2}.Release|Any CPU.Build.0 = Release|Any CPU
	EndGlobalSection
	GlobalSection(SolutionProperties) = preSolution
		HideSolutionNode = FALSE
	EndGlobalSection
	GlobalSection(ExtensibilityGlobals) = postSolution
		SolutionGuid = {667C2F03-E913-4487-9C5C-5003D9FB3A6D}
	EndGlobalSection
EndGlobal
